
Microsoft Visual Studio Solution File, Format Version 12.00
# Visual Studio Version 16
VisualStudioVersion = 16.0.32510.428
MinimumVisualStudioVersion = 10.0.40219.1
Project("{FAE04EC0-301F-11D3-BF4B-00C04F79EFBC}") = "EXTRADOS - Ejercicio 1", "EXTRADOS - Ejercicio 1\EXTRADOS - Ejercicio 1.csproj", "{0B6FC859-C3E8-42A7-8B16-2FA1594EB814}"
EndProject
Global
	GlobalSection(SolutionConfigurationPlatforms) = preSolution
		Debug|Any CPU = Debug|Any CPU
		Release|Any CPU = Release|Any CPU
	EndGlobalSection
	GlobalSection(ProjectConfigurationPlatforms) = postSolution
		{0B6FC859-C3E8-42A7-8B16-2FA1594EB814}.Debug|Any CPU.ActiveCfg = Debug|Any CPU
		{0B6FC859-C3E8-42A7-8B16-2FA1594EB814}.Debug|Any CPU.Build.0 = Debug|Any CPU
		{0B6FC859-C3E8-42A7-8B16-2FA1594EB814}.Release|Any CPU.ActiveCfg = Release|Any CPU
		{0B6FC859-C3E8-42A7-8B16-2FA1594EB814}.Release|Any CPU.Build.0 = Release|Any CPU
	EndGlobalSection
	GlobalSection(SolutionProperties) = preSolution
		HideSolutionNode = FALSE
	EndGlobalSection
	GlobalSection(ExtensibilityGlobals) = postSolution
		SolutionGuid = {30870288-8C51-45B7-92AC-2B00CB972F30}
	EndGlobalSection
EndGlobal
